{"filter":false,"title":"package-lock.json","tooltip":"/projeto/site/package-lock.json","undoManager":{"mark":-1,"position":-1,"stack":[]},"ace":{"folds":[],"scrolltop":4020,"scrollleft":0,"selection":{"start":{"row":0,"column":0},"end":{"row":0,"column":0},"isBackwards":false},"options":{"guessTabSize":true,"useWrapMode":false,"wrapToView":true},"firstLineState":0},"timestamp":1587077317693,"hash":"17a74311e7c4fea47513366a1bec8ad23d488312"}